// !$*UTF8*$!
{
	archiveVersion = 1;
	classes = {
	};
	objectVersion = 46;
	objects = {

/* Begin PBXBuildFile section */
		156CB42F1BE0796500CDC0C4 /* Main.storyboard in Resources */ = {isa = PBXBuildFile; fileRef = 156CB42D1BE0796500CDC0C4 /* Main.storyboard */; };
		156CB4311BE0796500CDC0C4 /* Assets.xcassets in Resources */ = {isa = PBXBuildFile; fileRef = 156CB4301BE0796500CDC0C4 /* Assets.xcassets */; };
		156CB4341BE0796500CDC0C4 /* LaunchScreen.storyboard in Resources */ = {isa = PBXBuildFile; fileRef = 156CB4321BE0796500CDC0C4 /* LaunchScreen.storyboard */; };
		156CB43F1BE0796500CDC0C4 /* WYStatusBarHUDDemoTests.m in Sources */ = {isa = PBXBuildFile; fileRef = 156CB43E1BE0796500CDC0C4 /* WYStatusBarHUDDemoTests.m */; };
		156CB44A1BE0796500CDC0C4 /* WYStatusBarHUDDemoUITests.m in Sources */ = {isa = PBXBuildFile; fileRef = 156CB4491BE0796500CDC0C4 /* WYStatusBarHUDDemoUITests.m */; };
		156CB45F1BE07B7D00CDC0C4 /* AppDelegate.m in Sources */ = {isa = PBXBuildFile; fileRef = 156CB45B1BE07B7D00CDC0C4 /* AppDelegate.m */; settings = {ASSET_TAGS = (); }; };
		156CB4601BE07B7D00CDC0C4 /* main.m in Sources */ = {isa = PBXBuildFile; fileRef = 156CB45C1BE07B7D00CDC0C4 /* main.m */; settings = {ASSET_TAGS = (); }; };
		156CB4611BE07B7D00CDC0C4 /* ViewController.m in Sources */ = {isa = PBXBuildFile; fileRef = 156CB45E1BE07B7D00CDC0C4 /* ViewController.m */; settings = {ASSET_TAGS = (); }; };
		156CB4641BE07BAA00CDC0C4 /* WYStatusBarHUD.m in Sources */ = {isa = PBXBuildFile; fileRef = 156CB4631BE07BAA00CDC0C4 /* WYStatusBarHUD.m */; settings = {ASSET_TAGS = (); }; };
		156CB4661BE08DCC00CDC0C4 /* WYStatusBarHUD.bundle in Resources */ = {isa = PBXBuildFile; fileRef = 156CB4651BE08DCC00CDC0C4 /* WYStatusBarHUD.bundle */; settings = {ASSET_TAGS = (); }; };
/* End PBXBuildFile section */

/* Begin PBXContainerItemProxy section */
		156CB43B1BE0796500CDC0C4 /* PBXContainerItemProxy */ = {
			isa = PBXContainerItemProxy;
			containerPortal = 156CB4191BE0796500CDC0C4 /* Project object */;
			proxyType = 1;
			remoteGlobalIDString = 156CB4201BE0796500CDC0C4;
			remoteInfo = WYStatusBarHUDDemo;
		};
		156CB4461BE0796500CDC0C4 /* PBXContainerItemProxy */ = {
			isa = PBXContainerItemProxy;
			containerPortal = 156CB4191BE0796500CDC0C4 /* Project object */;
			proxyType = 1;
			remoteGlobalIDString = 156CB4201BE0796500CDC0C4;
			remoteInfo = WYStatusBarHUDDemo;
		};
/* End PBXContainerItemProxy section */

/* Begin PBXFileReference section */
		156CB4211BE0796500CDC0C4 /* WYStatusBarHUDDemo.app */ = {isa = PBXFileReference; explicitFileType = wrapper.application; includeInIndex = 0; path = WYStatusBarHUDDemo.app; sourceTree = BUILT_PRODUCTS_DIR; };
		156CB42E1BE0796500CDC0C4 /* Base */ = {isa = PBXFileReference; lastKnownFileType = file.storyboard; name = Base; path = Base.lproj/Main.storyboard; sourceTree = "<group>"; };
		156CB4301BE0796500CDC0C4 /* Assets.xcassets */ = {isa = PBXFileReference; lastKnownFileType = folder.assetcatalog; path = Assets.xcassets; sourceTree = "<group>"; };
		156CB4331BE0796500CDC0C4 /* Base */ = {isa = PBXFileReference; lastKnownFileType = file.storyboard; name = Base; path = Base.lproj/LaunchScreen.storyboard; sourceTree = "<group>"; };
		156CB4351BE0796500CDC0C4 /* Info.plist */ = {isa = PBXFileReference; lastKnownFileType = text.plist.xml; path = Info.plist; sourceTree = "<group>"; };
		156CB43A1BE0796500CDC0C4 /* WYStatusBarHUDDemoTests.xctest */ = {isa = PBXFileReference; explicitFileType = wrapper.cfbundle; includeInIndex = 0; path = WYStatusBarHUDDemoTests.xctest; sourceTree = BUILT_PRODUCTS_DIR; };
		156CB43E1BE0796500CDC0C4 /* WYStatusBarHUDDemoTests.m */ = {isa = PBXFileReference; lastKnownFileType = sourcecode.c.objc; path = WYStatusBarHUDDemoTests.m; sourceTree = "<group>"; };
		156CB4401BE0796500CDC0C4 /* Info.plist */ = {isa = PBXFileReference; lastKnownFileType = text.plist.xml; path = Info.plist; sourceTree = "<group>"; };
		156CB4451BE0796500CDC0C4 /* WYStatusBarHUDDemoUITests.xctest */ = {isa = PBXFileReference; explicitFileType = wrapper.cfbundle; includeInIndex = 0; path = WYStatusBarHUDDemoUITests.xctest; sourceTree = BUILT_PRODUCTS_DIR; };
		156CB4491BE0796500CDC0C4 /* WYStatusBarHUDDemoUITests.m */ = {isa = PBXFileReference; lastKnownFileType = sourcecode.c.objc; path = WYStatusBarHUDDemoUITests.m; sourceTree = "<group>"; };
		156CB44B1BE0796500CDC0C4 /* Info.plist */ = {isa = PBXFileReference; lastKnownFileType = text.plist.xml; path = Info.plist; sourceTree = "<group>"; };
		156CB45A1BE07B7D00CDC0C4 /* AppDelegate.h */ = {isa = PBXFileReference; fileEncoding = 4; lastKnownFileType = sourcecode.c.h; path = AppDelegate.h; sourceTree = "<group>"; };
		156CB45B1BE07B7D00CDC0C4 /* AppDelegate.m */ = {isa = PBXFileReference; fileEncoding = 4; lastKnownFileType = sourcecode.c.objc; path = AppDelegate.m; sourceTree = "<group>"; };
		156CB45C1BE07B7D00CDC0C4 /* main.m */ = {isa = PBXFileReference; fileEncoding = 4; lastKnownFileType = sourcecode.c.objc; path = main.m; sourceTree = "<group>"; };
		156CB45D1BE07B7D00CDC0C4 /* ViewController.h */ = {isa = PBXFileReference; fileEncoding = 4; lastKnownFileType = sourcecode.c.h; path = ViewController.h; sourceTree = "<group>"; };
		156CB45E1BE07B7D00CDC0C4 /* ViewController.m */ = {isa = PBXFileReference; fileEncoding = 4; lastKnownFileType = sourcecode.c.objc; path = ViewController.m; sourceTree = "<group>"; };
		156CB4621BE07BAA00CDC0C4 /* WYStatusBarHUD.h */ = {isa = PBXFileReference; fileEncoding = 4; lastKnownFileType = sourcecode.c.h; path = WYStatusBarHUD.h; sourceTree = "<group>"; };
		156CB4631BE07BAA00CDC0C4 /* WYStatusBarHUD.m */ = {isa = PBXFileReference; fileEncoding = 4; lastKnownFileType = sourcecode.c.objc; path = WYStatusBarHUD.m; sourceTree = "<group>"; };
		156CB4651BE08DCC00CDC0C4 /* WYStatusBarHUD.bundle */ = {isa = PBXFileReference; lastKnownFileType = "wrapper.plug-in"; path = WYStatusBarHUD.bundle; sourceTree = "<group>"; };
/* End PBXFileReference section */

/* Begin PBXFrameworksBuildPhase section */
		156CB41E1BE0796500CDC0C4 /* Frameworks */ = {
			isa = PBXFrameworksBuildPhase;
			buildActionMask = 2147483647;
			files = (
			);
			runOnlyForDeploymentPostprocessing = 0;
		};
		156CB4371BE0796500CDC0C4 /* Frameworks */ = {
			isa = PBXFrameworksBuildPhase;
			buildActionMask = 2147483647;
			files = (
			);
			runOnlyForDeploymentPostprocessing = 0;
		};
		156CB4421BE0796500CDC0C4 /* Frameworks */ = {
			isa = PBXFrameworksBuildPhase;
			buildActionMask = 2147483647;
			files = (
			);
			runOnlyForDeploymentPostprocessing = 0;
		};
/* End PBXFrameworksBuildPhase section */

/* Begin PBXGroup section */
		156CB4181BE0796500CDC0C4 = {
			isa = PBXGroup;
			children = (
				156CB4231BE0796500CDC0C4 /* WYStatusBarHUDDemo */,
				156CB43D1BE0796500CDC0C4 /* WYStatusBarHUDDemoTests */,
				156CB4481BE0796500CDC0C4 /* WYStatusBarHUDDemoUITests */,
				156CB4221BE0796500CDC0C4 /* Products */,
			);
			sourceTree = "<group>";
		};
		156CB4221BE0796500CDC0C4 /* Products */ = {
			isa = PBXGroup;
			children = (
				156CB4211BE0796500CDC0C4 /* WYStatusBarHUDDemo.app */,
				156CB43A1BE0796500CDC0C4 /* WYStatusBarHUDDemoTests.xctest */,
				156CB4451BE0796500CDC0C4 /* WYStatusBarHUDDemoUITests.xctest */,
			);
			name = Products;
			sourceTree = "<group>";
		};
		156CB4231BE0796500CDC0C4 /* WYStatusBarHUDDemo */ = {
			isa = PBXGroup;
			children = (
				156CB4571BE079F300CDC0C4 /* WYStatusBarHUD */,
				156CB4591BE07A5900CDC0C4 /* Classes */,
				156CB4241BE0796500CDC0C4 /* Supporting Files */,
			);
			path = WYStatusBarHUDDemo;
			sourceTree = "<group>";
		};
		156CB4241BE0796500CDC0C4 /* Supporting Files */ = {
			isa = PBXGroup;
			children = (
				156CB42D1BE0796500CDC0C4 /* Main.storyboard */,
				156CB4301BE0796500CDC0C4 /* Assets.xcassets */,
				156CB4321BE0796500CDC0C4 /* LaunchScreen.storyboard */,
				156CB4351BE0796500CDC0C4 /* Info.plist */,
			);
			name = "Supporting Files";
			sourceTree = "<group>";
		};
		156CB43D1BE0796500CDC0C4 /* WYStatusBarHUDDemoTests */ = {
			isa = PBXGroup;
			children = (
				156CB43E1BE0796500CDC0C4 /* WYStatusBarHUDDemoTests.m */,
				156CB4401BE0796500CDC0C4 /* Info.plist */,
			);
			path = WYStatusBarHUDDemoTests;
			sourceTree = "<group>";
		};
		156CB4481BE0796500CDC0C4 /* WYStatusBarHUDDemoUITests */ = {
			isa = PBXGroup;
			children = (
				156CB4491BE0796500CDC0C4 /* WYStatusBarHUDDemoUITests.m */,
				156CB44B1BE0796500CDC0C4 /* Info.plist */,
			);
			path = WYStatusBarHUDDemoUITests;
			sourceTree = "<group>";
		};
		156CB4571BE079F300CDC0C4 /* WYStatusBarHUD */ = {
			isa = PBXGroup;
			children = (
				156CB4651BE08DCC00CDC0C4 /* WYStatusBarHUD.bundle */,
				156CB4621BE07BAA00CDC0C4 /* WYStatusBarHUD.h */,
				156CB4631BE07BAA00CDC0C4 /* WYStatusBarHUD.m */,
			);
			path = WYStatusBarHUD;
			sourceTree = SOURCE_ROOT;
		};
		156CB4591BE07A5900CDC0C4 /* Classes */ = {
			isa = PBXGroup;
			children = (
				156CB45A1BE07B7D00CDC0C4 /* AppDelegate.h */,
				156CB45B1BE07B7D00CDC0C4 /* AppDelegate.m */,
				156CB45C1BE07B7D00CDC0C4 /* main.m */,
				156CB45D1BE07B7D00CDC0C4 /* ViewController.h */,
				156CB45E1BE07B7D00CDC0C4 /* ViewController.m */,
			);
			path = Classes;
			sourceTree = "<group>";
		};
/* End PBXGroup section */

/* Begin PBXNativeTarget section */
		156CB4201BE0796500CDC0C4 /* WYStatusBarHUDDemo */ = {
			isa = PBXNativeTarget;
			buildConfigurationList = 156CB44E1BE0796500CDC0C4 /* Build configuration list for PBXNativeTarget "WYStatusBarHUDDemo" */;
			buildPhases = (
				156CB41D1BE0796500CDC0C4 /* Sources */,
				156CB41E1BE0796500CDC0C4 /* Frameworks */,
				156CB41F1BE0796500CDC0C4 /* Resources */,
			);
			buildRules = (
			);
			dependencies = (
			);
			name = WYStatusBarHUDDemo;
			productName = WYStatusBarHUDDemo;
			productReference = 156CB4211BE0796500CDC0C4 /* WYStatusBarHUDDemo.app */;
			productType = "com.apple.product-type.application";
		};
		156CB4391BE0796500CDC0C4 /* WYStatusBarHUDDemoTests */ = {
			isa = PBXNativeTarget;
			buildConfigurationList = 156CB4511BE0796500CDC0C4 /* Build configuration list for PBXNativeTarget "WYStatusBarHUDDemoTests" */;
			buildPhases = (
				156CB4361BE0796500CDC0C4 /* Sources */,
				156CB4371BE0796500CDC0C4 /* Frameworks */,
				156CB4381BE0796500CDC0C4 /* Resources */,
			);
			buildRules = (
			);
			dependencies = (
				156CB43C1BE0796500CDC0C4 /* PBXTargetDependency */,
			);
			name = WYStatusBarHUDDemoTests;
			productName = WYStatusBarHUDDemoTests;
			productReference = 156CB43A1BE0796500CDC0C4 /* WYStatusBarHUDDemoTests.xctest */;
			productType = "com.apple.product-type.bundle.unit-test";
		};
		156CB4441BE0796500CDC0C4 /* WYStatusBarHUDDemoUITests */ = {
			isa = PBXNativeTarget;
			buildConfigurationList = 156CB4541BE0796500CDC0C4 /* Build configuration list for PBXNativeTarget "WYStatusBarHUDDemoUITests" */;
			buildPhases = (
				156CB4411BE0796500CDC0C4 /* Sources */,
				156CB4421BE0796500CDC0C4 /* Frameworks */,
				156CB4431BE0796500CDC0C4 /* Resources */,
			);
			buildRules = (
			);
			dependencies = (
				156CB4471BE0796500CDC0C4 /* PBXTargetDependency */,
			);
			name = WYStatusBarHUDDemoUITests;
			productName = WYStatusBarHUDDemoUITests;
			productReference = 156CB4451BE0796500CDC0C4 /* WYStatusBarHUDDemoUITests.xctest */;
			productType = "com.apple.product-type.bundle.ui-testing";
		};
/* End PBXNativeTarget section */

/* Begin PBXProject section */
		156CB4191BE0796500CDC0C4 /* Project object */ = {
			isa = PBXProject;
			attributes = {
				LastUpgradeCheck = 0700;
				ORGANIZATIONNAME = WY;
				TargetAttributes = {
					156CB4201BE0796500CDC0C4 = {
						CreatedOnToolsVersion = 7.0;
					};
					156CB4391BE0796500CDC0C4 = {
						CreatedOnToolsVersion = 7.0;
						TestTargetID = 156CB4201BE0796500CDC0C4;
					};
					156CB4441BE0796500CDC0C4 = {
						CreatedOnToolsVersion = 7.0;
						TestTargetID = 156CB4201BE0796500CDC0C4;
					};
				};
			};
			buildConfigurationList = 156CB41C1BE0796500CDC0C4 /* Build configuration list for PBXProject "WYStatusBarHUDDemo" */;
			compatibilityVersion = "Xcode 3.2";
			developmentRegion = English;
			hasScannedForEncodings = 0;
			knownRegions = (
				en,
				Base,
			);
			mainGroup = 156CB4181BE0796500CDC0C4;
			productRefGroup = 156CB4221BE0796500CDC0C4 /* Products */;
			projectDirPath = "";
			projectRoot = "";
			targets = (
				156CB4201BE0796500CDC0C4 /* WYStatusBarHUDDemo */,
				156CB4391BE0796500CDC0C4 /* WYStatusBarHUDDemoTests */,
				156CB4441BE0796500CDC0C4 /* WYStatusBarHUDDemoUITests */,
			);
		};
/* End PBXProject section */

/* Begin PBXResourcesBuildPhase section */
		156CB41F1BE0796500CDC0C4 /* Resources */ = {
			isa = PBXResourcesBuildPhase;
			buildActionMask = 2147483647;
			files = (
				156CB4341BE0796500CDC0C4 /* LaunchScreen.storyboard in Resources */,
				156CB4311BE0796500CDC0C4 /* Assets.xcassets in Resources */,
				156CB42F1BE0796500CDC0C4 /* Main.storyboard in Resources */,
				156CB4661BE08DCC00CDC0C4 /* WYStatusBarHUD.bundle in Resources */,
			);
			runOnlyForDeploymentPostprocessing = 0;
		};
		156CB4381BE0796500CDC0C4 /* Resources */ = {
			isa = PBXResourcesBuildPhase;
			buildActionMask = 2147483647;
			files = (
			);
			runOnlyForDeploymentPostprocessing = 0;
		};
		156CB4431BE0796500CDC0C4 /* Resources */ = {
			isa = PBXResourcesBuildPhase;
			buildActionMask = 2147483647;
			files = (
			);
			runOnlyForDeploymentPostprocessing = 0;
		};
/* End PBXResourcesBuildPhase section */

/* Begin PBXSourcesBuildPhase section */
		156CB41D1BE0796500CDC0C4 /* Sources */ = {
			isa = PBXSourcesBuildPhase;
			buildActionMask = 2147483647;
			files = (
				156CB4611BE07B7D00CDC0C4 /* ViewController.m in Sources */,
				156CB4641BE07BAA00CDC0C4 /* WYStatusBarHUD.m in Sources */,
				156CB4601BE07B7D00CDC0C4 /* main.m in Sources */,
				156CB45F1BE07B7D00CDC0C4 /* AppDelegate.m in Sources */,
			);
			runOnlyForDeploymentPostprocessing = 0;
		};
		156CB4361BE0796500CDC0C4 /* Sources */ = {
			isa = PBXSourcesBuildPhase;
			buildActionMask = 2147483647;
			files = (
				156CB43F1BE0796500CDC0C4 /* WYStatusBarHUDDemoTests.m in Sources */,
			);
			runOnlyForDeploymentPostprocessing = 0;
		};
		156CB4411BE0796500CDC0C4 /* Sources */ = {
			isa = PBXSourcesBuildPhase;
			buildActionMask = 2147483647;
			files = (
				156CB44A1BE0796500CDC0C4 /* WYStatusBarHUDDemoUITests.m in Sources */,
			);
			runOnlyForDeploymentPostprocessing = 0;
		};
/* End PBXSourcesBuildPhase section */

/* Begin PBXTargetDependency section */
		156CB43C1BE0796500CDC0C4 /* PBXTargetDependency */ = {
			isa = PBXTargetDependency;
			target = 156CB4201BE0796500CDC0C4 /* WYStatusBarHUDDemo */;
			targetProxy = 156CB43B1BE0796500CDC0C4 /* PBXContainerItemProxy */;
		};
		156CB4471BE0796500CDC0C4 /* PBXTargetDependency */ = {
			isa = PBXTargetDependency;
			target = 156CB4201BE0796500CDC0C4 /* WYStatusBarHUDDemo */;
			targetProxy = 156CB4461BE0796500CDC0C4 /* PBXContainerItemProxy */;
		};
/* End PBXTargetDependency section */

/* Begin PBXVariantGroup section */
		156CB42D1BE0796500CDC0C4 /* Main.storyboard */ = {
			isa = PBXVariantGroup;
			children = (
				156CB42E1BE0796500CDC0C4 /* Base */,
			);
			name = Main.storyboard;
			sourceTree = "<group>";
		};
		156CB4321BE0796500CDC0C4 /* LaunchScreen.storyboard */ = {
			isa = PBXVariantGroup;
			children = (
				156CB4331BE0796500CDC0C4 /* Base */,
			);
			name = LaunchScreen.storyboard;
			sourceTree = "<group>";
		};
/* End PBXVariantGroup section */

/* Begin XCBuildConfiguration section */
		156CB44C1BE0796500CDC0C4 /* Debug */ = {
			isa = XCBuildConfiguration;
			buildSettings = {
				ALWAYS_SEARCH_USER_PATHS = NO;
				CLANG_CXX_LANGUAGE_STANDARD = "gnu++0x";
				CLANG_CXX_LIBRARY = "libc++";
				CLANG_ENABLE_MODULES = YES;
				CLANG_ENABLE_OBJC_ARC = YES;
				CLANG_WARN_BOOL_CONVERSION = YES;
				CLANG_WARN_CONSTANT_CONVERSION = YES;
				CLANG_WARN_DIRECT_OBJC_ISA_USAGE = YES_ERROR;
				CLANG_WARN_EMPTY_BODY = YES;
				CLANG_WARN_ENUM_CONVERSION = YES;
				CLANG_WARN_INT_CONVERSION = YES;
				CLANG_WARN_OBJC_ROOT_CLASS = YES_ERROR;
				CLANG_WARN_UNREACHABLE_CODE = YES;
				CLANG_WARN__DUPLICATE_METHOD_MATCH = YES;
				"CODE_SIGN_IDENTITY[sdk=iphoneos*]" = "iPhone Developer";
				COPY_PHASE_STRIP = NO;
				DEBUG_INFORMATION_FORMAT = dwarf;
				ENABLE_STRICT_OBJC_MSGSEND = YES;
				ENABLE_TESTABILITY = YES;
				GCC_C_LANGUAGE_STANDARD = gnu99;
				GCC_DYNAMIC_NO_PIC = NO;
				GCC_NO_COMMON_BLOCKS = YES;
				GCC_OPTIMIZATION_LEVEL = 0;
				GCC_PREPROCESSOR_DEFINITIONS = (
					"DEBUG=1",
					"$(inherited)",
				);
				GCC_WARN_64_TO_32_BIT_CONVERSION = YES;
				GCC_WARN_ABOUT_RETURN_TYPE = YES_ERROR;
				GCC_WARN_UNDECLARED_SELECTOR = YES;
				GCC_WARN_UNINITIALIZED_AUTOS = YES_AGGRESSIVE;
				GCC_WARN_UNUSED_FUNCTION = YES;
				GCC_WARN_UNUSED_VARIABLE = YES;
				IPHONEOS_DEPLOYMENT_TARGET = 9.0;
				MTL_ENABLE_DEBUG_INFO = YES;
				ONLY_ACTIVE_ARCH = YES;
				SDKROOT = iphoneos;
			};
			name = Debug;
		};
		156CB44D1BE0796500CDC0C4 /* Release */ = {
			isa = XCBuildConfiguration;
			buildSettings = {
				ALWAYS_SEARCH_USER_PATHS = NO;
				CLANG_CXX_LANGUAGE_STANDARD = "gnu++0x";
				CLANG_CXX_LIBRARY = "libc++";
				CLANG_ENABLE_MODULES = YES;
				CLANG_ENABLE_OBJC_ARC = YES;
				CLANG_WARN_BOOL_CONVERSION = YES;
				CLANG_WARN_CONSTANT_CONVERSION = YES;
				CLANG_WARN_DIRECT_OBJC_ISA_USAGE = YES_ERROR;
				CLANG_WARN_EMPTY_BODY = YES;
				CLANG_WARN_ENUM_CONVERSION = YES;
				CLANG_WARN_INT_CONVERSION = YES;
				CLANG_WARN_OBJC_ROOT_CLASS = YES_ERROR;
				CLANG_WARN_UNREACHABLE_CODE = YES;
				CLANG_WARN__DUPLICATE_METHOD_MATCH = YES;
				"CODE_SIGN_IDENTITY[sdk=iphoneos*]" = "iPhone Developer";
				COPY_PHASE_STRIP = NO;
				DEBUG_INFORMATION_FORMAT = "dwarf-with-dsym";
				ENABLE_NS_ASSERTIONS = NO;
				ENABLE_STRICT_OBJC_MSGSEND = YES;
				GCC_C_LANGUAGE_STANDARD = gnu99;
				GCC_NO_COMMON_BLOCKS = YES;
				GCC_WARN_64_TO_32_BIT_CONVERSION = YES;
				GCC_WARN_ABOUT_RETURN_TYPE = YES_ERROR;
				GCC_WARN_UNDECLARED_SELECTOR = YES;
				GCC_WARN_UNINITIALIZED_AUTOS = YES_AGGRESSIVE;
				GCC_WARN_UNUSED_FUNCTION = YES;
				GCC_WARN_UNUSED_VARIABLE = YES;
				IPHONEOS_DEPLOYMENT_TARGET = 9.0;
				MTL_ENABLE_DEBUG_INFO = NO;
				SDKROOT = iphoneos;
				VALIDATE_PRODUCT = YES;
			};
			name = Release;
		};
		156CB44F1BE0796500CDC0C4 /* Debug */ = {
			isa = XCBuildConfiguration;
			buildSettings = {
				ASSETCATALOG_COMPILER_APPICON_NAME = AppIcon;
				INFOPLIST_FILE = WYStatusBarHUDDemo/Info.plist;
				LD_RUNPATH_SEARCH_PATHS = "$(inherited) @executable_path/Frameworks";
				PRODUCT_BUNDLE_IDENTIFIER = com.wwy.WYStatusBarHUDDemo;
				PRODUCT_NAME = "$(TARGET_NAME)";
			};
			name = Debug;
		};
		156CB4501BE0796500CDC0C4 /* Release */ = {
			isa = XCBuildConfiguration;
			buildSettings = {
				ASSETCATALOG_COMPILER_APPICON_NAME = AppIcon;
				INFOPLIST_FILE = WYStatusBarHUDDemo/Info.plist;
				LD_RUNPATH_SEARCH_PATHS = "$(inherited) @executable_path/Frameworks";
				PRODUCT_BUNDLE_IDENTIFIER = com.wwy.WYStatusBarHUDDemo;
				PRODUCT_NAME = "$(TARGET_NAME)";
			};
			name = Release;
		};
		156CB4521BE0796500CDC0C4 /* Debug */ = {
			isa = XCBuildConfiguration;
			buildSettings = {
				BUNDLE_LOADER = "$(TEST_HOST)";
				INFOPLIST_FILE = WYStatusBarHUDDemoTests/Info.plist;
				LD_RUNPATH_SEARCH_PATHS = "$(inherited) @executable_path/Frameworks @loader_path/Frameworks";
				PRODUCT_BUNDLE_IDENTIFIER = com.wwy.WYStatusBarHUDDemoTests;
				PRODUCT_NAME = "$(TARGET_NAME)";
				TEST_HOST = "$(BUILT_PRODUCTS_DIR)/WYStatusBarHUDDemo.app/WYStatusBarHUDDemo";
			};
			name = Debug;
		};
		156CB4531BE0796500CDC0C4 /* Release */ = {
			isa = XCBuildConfiguration;
			buildSettings = {
				BUNDLE_LOADER = "$(TEST_HOST)";
				INFOPLIST_FILE = WYStatusBarHUDDemoTests/Info.plist;
				LD_RUNPATH_SEARCH_PATHS = "$(inherited) @executable_path/Frameworks @loader_path/Frameworks";
				PRODUCT_BUNDLE_IDENTIFIER = com.wwy.WYStatusBarHUDDemoTests;
				PRODUCT_NAME = "$(TARGET_NAME)";
				TEST_HOST = "$(BUILT_PRODUCTS_DIR)/WYStatusBarHUDDemo.app/WYStatusBarHUDDemo";
			};
			name = Release;
		};
		156CB4551BE0796500CDC0C4 /* Debug */ = {
			isa = XCBuildConfiguration;
			buildSettings = {
				INFOPLIST_FILE = WYStatusBarHUDDemoUITests/Info.plist;
				LD_RUNPATH_SEARCH_PATHS = "$(inherited) @executable_path/Frameworks @loader_path/Frameworks";
				PRODUCT_BUNDLE_IDENTIFIER = com.wwy.WYStatusBarHUDDemoUITests;
				PRODUCT_NAME = "$(TARGET_NAME)";
				TEST_TARGET_NAME = WYStatusBarHUDDemo;
				USES_XCTRUNNER = YES;
			};
			name = Debug;
		};
		156CB4561BE0796500CDC0C4 /* Release */ = {
			isa = XCBuildConfiguration;
			buildSettings = {
				INFOPLIST_FILE = WYStatusBarHUDDemoUITests/Info.plist;
				LD_RUNPATH_SEARCH_PATHS = "$(inherited) @executable_path/Frameworks @loader_path/Frameworks";
				PRODUCT_BUNDLE_IDENTIFIER = com.wwy.WYStatusBarHUDDemoUITests;
				PRODUCT_NAME = "$(TARGET_NAME)";
				TEST_TARGET_NAME = WYStatusBarHUDDemo;
				USES_XCTRUNNER = YES;
			};
			name = Release;
		};
/* End XCBuildConfiguration section */

/* Begin XCConfigurationList section */
		156CB41C1BE0796500CDC0C4 /* Build configuration list for PBXProject "WYStatusBarHUDDemo" */ = {
			isa = XCConfigurationList;
			buildConfigurations = (
				156CB44C1BE0796500CDC0C4 /* Debug */,
				156CB44D1BE0796500CDC0C4 /* Release */,
			);
			defaultConfigurationIsVisible = 0;
			defaultConfigurationName = Release;
		};
		156CB44E1BE0796500CDC0C4 /* Build configuration list for PBXNativeTarget "WYStatusBarHUDDemo" */ = {
			isa = XCConfigurationList;
			buildConfigurations = (
				156CB44F1BE0796500CDC0C4 /* Debug */,
				156CB4501BE0796500CDC0C4 /* Release */,
			);
			defaultConfigurationIsVisible = 0;
		};
		156CB4511BE0796500CDC0C4 /* Build configuration list for PBXNativeTarget "WYStatusBarHUDDemoTests" */ = {
			isa = XCConfigurationList;
			buildConfigurations = (
				156CB4521BE0796500CDC0C4 /* Debug */,
				156CB4531BE0796500CDC0C4 /* Release */,
			);
			defaultConfigurationIsVisible = 0;
		};
		156CB4541BE0796500CDC0C4 /* Build configuration list for PBXNativeTarget "WYStatusBarHUDDemoUITests" */ = {
			isa = XCConfigurationList;
			buildConfigurations = (
				156CB4551BE0796500CDC0C4 /* Debug */,
				156CB4561BE0796500CDC0C4 /* Release */,
			);
			defaultConfigurationIsVisible = 0;
		};
/* End XCConfigurationList section */
	};
	rootObject = 156CB4191BE0796500CDC0C4 /* Project object */;
}
